# THIS IS AN AUTOGENERATED FILE. DO NOT EDIT THIS FILE DIRECTLY.
# yarn lockfile v1


"@babel/parser@^7.16.4":
  version "7.18.3"
  resolved "https://registry.yarnpkg.com/@babel/parser/-/parser-7.18.3.tgz#39e99c7b0c4c56cef4d1eed8de9f506411c2ebc2"
  integrity sha512-rL50YcEuHbbauAFAysNsJA4/f89fGTOBRNs9P81sniKnKAr4xULe5AecolcsKbi88xu0ByWYDj/S1AJ3FSFuSQ==

"@popperjs/core@^2.9.2":
  version "2.11.5"
  resolved "https://registry.yarnpkg.com/@popperjs/core/-/core-2.11.5.tgz#db5a11bf66bdab39569719555b0f76e138d7bd64"
  integrity sha512-9X2obfABZuDVLCgPK9aX0a/x4jaOEweTTWE2+9sr0Qqqevj2Uv5XorvusThmc9XGYpS9yI+fhh8RTafBtGposw==

"@rollup/pluginutils@^4.1.2":
  version "4.2.1"
  resolved "https://registry.yarnpkg.com/@rollup/pluginutils/-/pluginutils-4.2.1.tgz#e6c6c3aba0744edce3fb2074922d3776c0af2a6d"
  integrity sha512-iKnFXr7NkdZAIHiIWE+BX5ULi/ucVFYWD6TbAV+rZctiRTY2PL6tsIKhoIOaoskiWAkgu+VsbXgUVDNLHf+InQ==
  dependencies:
    estree-walker "^2.0.1"
    picomatch "^2.2.2"

"@vant/icons@^1.8.0":
  version "1.8.0"
  resolved "https://registry.yarnpkg.com/@vant/icons/-/icons-1.8.0.tgz#36b13f2e628b533f6523a93a168cf02f07056674"
  integrity sha512-sKfEUo2/CkQFuERxvkuF6mGQZDKu3IQdj5rV9Fm0weJXtchDSSQ+zt8qPCNUEhh9Y8shy5PzxbvAfOOkCwlCXg==

"@vant/popperjs@^1.1.0":
  version "1.2.0"
  resolved "https://registry.yarnpkg.com/@vant/popperjs/-/popperjs-1.2.0.tgz#9b56e0a5e66ce9bef8d2f3f5b4cb540cd2143260"
  integrity sha512-YdtVBcNCsZqCBu7vUvpTm9MG4V+Hz5UmCr7UZlNXoYXZbDD238ncqNStw+gQVWySeCY5yAQVOT6deJN5poVe8g==
  dependencies:
    "@popperjs/core" "^2.9.2"

"@vant/touch-emulator@^1.3.2":
  version "1.3.2"
  resolved "https://registry.yarnpkg.com/@vant/touch-emulator/-/touch-emulator-1.3.2.tgz#9392c3971dd7247c2cf8e5d5aabc951e33cd5e6f"
  integrity sha512-Om6e8kCAnmk/q8byngKreff7Hyn6XxwOGr8yedP3y3LEVoE+iyj8/+Mn+AYvGEQ00GK0MlgAfyaV4emXAYj1Hw==

"@vant/use@^1.3.6":
  version "1.4.0"
  resolved "https://registry.yarnpkg.com/@vant/use/-/use-1.4.0.tgz#a795ddc7b5f95ab14666b5e8fa628930e712a59e"
  integrity sha512-pW0DuV12cSaChubJYWJiAYkCr257yaxXsrxzluMUQQu7C/hSGtFoAYPI/K5ik2T7/Z+vhSNPpYwQzxI167hN+w==

"@vitejs/plugin-vue@^2.3.3":
  version "2.3.3"
  resolved "https://registry.yarnpkg.com/@vitejs/plugin-vue/-/plugin-vue-2.3.3.tgz#fbf80cc039b82ac21a1acb0f0478de8f61fbf600"
  integrity sha512-SmQLDyhz+6lGJhPELsBdzXGc+AcaT8stgkbiTFGpXPe8Tl1tJaBw1A6pxDqDuRsVkD8uscrkx3hA7QDOoKYtyw==

"@volar/code-gen@0.34.16":
  version "0.34.16"
  resolved "https://registry.yarnpkg.com/@volar/code-gen/-/code-gen-0.34.16.tgz#32885846b51d420ab673c0ec5aa5b6b4f8fd9152"
  integrity sha512-ep5us1iF66WlwzCFjTHMIdULIHzu6661228NknkSBGEAh878GPO+AgUqyQn9tY+al0KrsLuDRQVt6pwmeLoqwQ==
  dependencies:
    "@volar/source-map" "0.34.16"

"@volar/source-map@0.34.16":
  version "0.34.16"
  resolved "https://registry.yarnpkg.com/@volar/source-map/-/source-map-0.34.16.tgz#c2f927825604fa0dd7b4ca53292cc6a5dd08f3d7"
  integrity sha512-50F1XWcVRzKVXqwO7J39hZ4qd/htzHj62dsywz7FfhZZSOaQ43XT3uEy7cBAVgw7gs+qChFaUJAhM1iHb0FyOQ==

"@volar/vue-code-gen@0.34.16":
  version "0.34.16"
  resolved "https://registry.yarnpkg.com/@volar/vue-code-gen/-/vue-code-gen-0.34.16.tgz#2678f0762614bae0f0cafc0dbfcc286facbeab6e"
  integrity sha512-R8OGn26pCQsctXLa6mZi3BIkyXemcrhibTRGrVh1z2TqWMtnCIT/NiAYXR7kAH4UzFEpglOJAIxrjwnodJ7x6w==
  dependencies:
    "@volar/code-gen" "0.34.16"
    "@volar/source-map" "0.34.16"
    "@vue/compiler-core" "^3.2.31"
    "@vue/compiler-dom" "^3.2.31"
    "@vue/shared" "^3.2.31"

"@volar/vue-typescript@0.34.16":
  version "0.34.16"
  resolved "https://registry.yarnpkg.com/@volar/vue-typescript/-/vue-typescript-0.34.16.tgz#016cee6328313c8b4876d3e87747cdcd74a2508f"
  integrity sha512-Jmo19pKRJAIhbAmr/1974knqKws9FZlnYWuCDvvg9wimKHTFosjDhDysORIMVHZ97og/0idK70iIKbcsyDadvw==
  dependencies:
    "@volar/code-gen" "0.34.16"
    "@volar/source-map" "0.34.16"
    "@volar/vue-code-gen" "0.34.16"
    "@vue/compiler-sfc" "^3.2.31"
    "@vue/reactivity" "^3.2.31"

"@vue/compiler-core@3.2.36", "@vue/compiler-core@^3.2.31":
  version "3.2.36"
  resolved "https://registry.yarnpkg.com/@vue/compiler-core/-/compiler-core-3.2.36.tgz#2fa44595308c95610602df54dcb69063ba2c8383"
  integrity sha512-bbyZM5hvBicv0PW3KUfVi+x3ylHnfKG7DOn5wM+f2OztTzTjLEyBb/5yrarIYpmnGitVGbjZqDbODyW4iK8hqw==
  dependencies:
    "@babel/parser" "^7.16.4"
    "@vue/shared" "3.2.36"
    estree-walker "^2.0.2"
    source-map "^0.6.1"

"@vue/compiler-dom@3.2.36", "@vue/compiler-dom@^3.2.31":
  version "3.2.36"
  resolved "https://registry.yarnpkg.com/@vue/compiler-dom/-/compiler-dom-3.2.36.tgz#16d911ff163ed5fc8087a01645bf14bb7f325401"
  integrity sha512-tcOTAOiW4s24QLnq+ON6J+GRONXJ+A/mqKCORi0LSlIh8XQlNnlm24y8xIL8la+ZDgkdbjarQ9ZqYSvEja6gVA==
  dependencies:
    "@vue/compiler-core" "3.2.36"
    "@vue/shared" "3.2.36"

"@vue/compiler-sfc@3.2.36", "@vue/compiler-sfc@^3.2.31":
  version "3.2.36"
  resolved "https://registry.yarnpkg.com/@vue/compiler-sfc/-/compiler-sfc-3.2.36.tgz#e5065e7c0e5170ffa750e3c3dd93a29db109d0f2"
  integrity sha512-AvGb4bTj4W8uQ4BqaSxo7UwTEqX5utdRSMyHy58OragWlt8nEACQ9mIeQh3K4di4/SX+41+pJrLIY01lHAOFOA==
  dependencies:
    "@babel/parser" "^7.16.4"
    "@vue/compiler-core" "3.2.36"
    "@vue/compiler-dom" "3.2.36"
    "@vue/compiler-ssr" "3.2.36"
    "@vue/reactivity-transform" "3.2.36"
    "@vue/shared" "3.2.36"
    estree-walker "^2.0.2"
    magic-string "^0.25.7"
    postcss "^8.1.10"
    source-map "^0.6.1"

"@vue/compiler-ssr@3.2.36":
  version "3.2.36"
  resolved "https://registry.yarnpkg.com/@vue/compiler-ssr/-/compiler-ssr-3.2.36.tgz#314f3a9424db58142c3608f48cbda7aa05fc66cb"
  integrity sha512-+KugInUFRvOxEdLkZwE+W43BqHyhBh0jpYXhmqw1xGq2dmE6J9eZ8UUSOKNhdHtQ/iNLWWeK/wPZkVLUf3YGaw==
  dependencies:
    "@vue/compiler-dom" "3.2.36"
    "@vue/shared" "3.2.36"

"@vue/devtools-api@^6.1.4":
  version "6.1.4"
  resolved "https://registry.yarnpkg.com/@vue/devtools-api/-/devtools-api-6.1.4.tgz#b4aec2f4b4599e11ba774a50c67fa378c9824e53"
  integrity sha512-IiA0SvDrJEgXvVxjNkHPFfDx6SXw0b/TUkqMcDZWNg9fnCAHbTpoo59YfJ9QLFkwa3raau5vSlRVzMSLDnfdtQ==

"@vue/reactivity-transform@3.2.36":
  version "3.2.36"
  resolved "https://registry.yarnpkg.com/@vue/reactivity-transform/-/reactivity-transform-3.2.36.tgz#8426a941b0b09d1b94fc162d4642758183b5d133"
  integrity sha512-Jk5o2BhpODC9XTA7o4EL8hSJ4JyrFWErLtClG3NH8wDS7ri9jBDWxI7/549T7JY9uilKsaNM+4pJASLj5dtRwA==
  dependencies:
    "@babel/parser" "^7.16.4"
    "@vue/compiler-core" "3.2.36"
    "@vue/shared" "3.2.36"
    estree-walker "^2.0.2"
    magic-string "^0.25.7"

"@vue/reactivity@3.2.36", "@vue/reactivity@^3.2.31":
  version "3.2.36"
  resolved "https://registry.yarnpkg.com/@vue/reactivity/-/reactivity-3.2.36.tgz#026b14e716febffe80cd284fd8a2b33378968646"
  integrity sha512-c2qvopo0crh9A4GXi2/2kfGYMxsJW4tVILrqRPydVGZHhq0fnzy6qmclWOhBFckEhmyxmpHpdJtIRYGeKcuhnA==
  dependencies:
    "@vue/shared" "3.2.36"

"@vue/runtime-core@3.2.36":
  version "3.2.36"
  resolved "https://registry.yarnpkg.com/@vue/runtime-core/-/runtime-core-3.2.36.tgz#be5115e665679c26bf3807d2326675dc1d847134"
  integrity sha512-PTWBD+Lub+1U3/KhbCExrfxyS14hstLX+cBboxVHaz+kXoiDLNDEYAovPtxeTutbqtClIXtft+wcGdC+FUQ9qQ==
  dependencies:
    "@vue/reactivity" "3.2.36"
    "@vue/shared" "3.2.36"

"@vue/runtime-dom@3.2.36":
  version "3.2.36"
  resolved "https://registry.yarnpkg.com/@vue/runtime-dom/-/runtime-dom-3.2.36.tgz#cd5d403ea23c18ee7c17767103a1b2f8263c54bb"
  integrity sha512-gYPYblm7QXHVuBohqNRRT7Wez0f2Mx2D40rb4fleehrJU9CnkjG0phhcGEZFfGwCmHZRqBCRgbFWE98bPULqkg==
  dependencies:
    "@vue/runtime-core" "3.2.36"
    "@vue/shared" "3.2.36"
    csstype "^2.6.8"

"@vue/server-renderer@3.2.36":
  version "3.2.36"
  resolved "https://registry.yarnpkg.com/@vue/server-renderer/-/server-renderer-3.2.36.tgz#1e7c1cf63bd17df7828d04e8c780ee6ca7a9ed7c"
  integrity sha512-uZE0+jfye6yYXWvAQYeHZv+f50sRryvy16uiqzk3jn8hEY8zTjI+rzlmZSGoE915k+W/Ol9XSw6vxOUD8dGkUg==
  dependencies:
    "@vue/compiler-ssr" "3.2.36"
    "@vue/shared" "3.2.36"

"@vue/shared@3.2.36", "@vue/shared@^3.2.31":
  version "3.2.36"
  resolved "https://registry.yarnpkg.com/@vue/shared/-/shared-3.2.36.tgz#35e11200542cf29068ba787dad57da9bdb82f644"
  integrity sha512-JtB41wXl7Au3+Nl3gD16Cfpj7k/6aCroZ6BbOiCMFCMvrOpkg/qQUXTso2XowaNqBbnkuGHurLAqkLBxNGc1hQ==

camel-case@^4.1.2:
  version "4.1.2"
  resolved "https://registry.yarnpkg.com/camel-case/-/camel-case-4.1.2.tgz#9728072a954f805228225a6deea6b38461e1bd5a"
  integrity sha512-gxGWBrTT1JuMx6R+o5PTXMmUnhnVzLQ9SNutD4YqKtI6ap897t3tKECYla6gCWEkplXnlNybEkZg9GEGxKFCgw==
  dependencies:
    pascal-case "^3.1.2"
    tslib "^2.0.3"

capital-case@^1.0.4:
  version "1.0.4"
  resolved "https://registry.yarnpkg.com/capital-case/-/capital-case-1.0.4.tgz#9d130292353c9249f6b00fa5852bee38a717e669"
  integrity sha512-ds37W8CytHgwnhGGTi88pcPyR15qoNkOpYwmMMfnWqqWgESapLqvDx6huFjQ5vqWSn2Z06173XNA7LtMOeUh1A==
  dependencies:
    no-case "^3.0.4"
    tslib "^2.0.3"
    upper-case-first "^2.0.2"

change-case@^4.1.2:
  version "4.1.2"
  resolved "https://registry.yarnpkg.com/change-case/-/change-case-4.1.2.tgz#fedfc5f136045e2398c0410ee441f95704641e12"
  integrity sha512-bSxY2ws9OtviILG1EiY5K7NNxkqg/JnRnFxLtKQ96JaviiIxi7djMrSd0ECT9AC+lttClmYwKw53BWpOMblo7A==
  dependencies:
    camel-case "^4.1.2"
    capital-case "^1.0.4"
    constant-case "^3.0.4"
    dot-case "^3.0.4"
    header-case "^2.0.4"
    no-case "^3.0.4"
    param-case "^3.0.4"
    pascal-case "^3.1.2"
    path-case "^3.0.4"
    sentence-case "^3.0.4"
    snake-case "^3.0.4"
    tslib "^2.0.3"

constant-case@^3.0.4:
  version "3.0.4"
  resolved "https://registry.yarnpkg.com/constant-case/-/constant-case-3.0.4.tgz#3b84a9aeaf4cf31ec45e6bf5de91bdfb0589faf1"
  integrity sha512-I2hSBi7Vvs7BEuJDr5dDHfzb/Ruj3FyvFyh7KLilAjNQw3Be+xgqUBA2W6scVEcL0hL1dwPRtIqEPVUCKkSsyQ==
  dependencies:
    no-case "^3.0.4"
    tslib "^2.0.3"
    upper-case "^2.0.2"

csstype@^2.6.8:
  version "2.6.20"
  resolved "https://registry.yarnpkg.com/csstype/-/csstype-2.6.20.tgz#9229c65ea0b260cf4d3d997cb06288e36a8d6dda"
  integrity sha512-/WwNkdXfckNgw6S5R125rrW8ez139lBHWouiBvX8dfMFtcn6V81REDqnH7+CRpRipfYlyU1CmOnOxrmGcFOjeA==

debug@^4.3.3:
  version "4.3.4"
  resolved "https://registry.yarnpkg.com/debug/-/debug-4.3.4.tgz#1319f6579357f2338d3337d2cdd4914bb5dcc865"
  integrity sha512-PRWFHuSU3eDtQJPvnNY7Jcket1j0t5OuOsFzPPzsekD52Zl8qUfFIPEiswXqIvHWGVHOgX+7G/vCNNhehwxfkQ==
  dependencies:
    ms "2.1.2"

dot-case@^3.0.4:
  version "3.0.4"
  resolved "https://registry.yarnpkg.com/dot-case/-/dot-case-3.0.4.tgz#9b2b670d00a431667a8a75ba29cd1b98809ce751"
  integrity sha512-Kv5nKlh6yRrdrGvxeJ2e5y2eRUpkUosIW4A2AS38zwSz27zu7ufDwQPi5Jhs3XAlGNetl3bmnGhQsMtkKJnj3w==
  dependencies:
    no-case "^3.0.4"
    tslib "^2.0.3"

es-module-lexer@^0.9.3:
  version "0.9.3"
  resolved "https://registry.yarnpkg.com/es-module-lexer/-/es-module-lexer-0.9.3.tgz#6f13db00cc38417137daf74366f535c8eb438f19"
  integrity sha512-1HQ2M2sPtxwnvOvT1ZClHyQDiggdNjURWpY2we6aMKCQiUVxTmVs2UYPLIrD84sS+kMdUwfBSylbJPwNnBrnHQ==

esbuild-android-64@0.14.41:
  version "0.14.41"
  resolved "https://registry.yarnpkg.com/esbuild-android-64/-/esbuild-android-64-0.14.41.tgz#34de1b983a81b22207db6faf937a600f15c5ca9b"
  integrity sha512-byyo8LPOGHzAqxbwh2Q72d7L+rXXTsr/KALjsiCySrJ60CGMe80i3bwoQ+WODxsGaH08R//yg5oc7xHKgQz4uw==

esbuild-android-arm64@0.14.41:
  version "0.14.41"
  resolved "https://registry.yarnpkg.com/esbuild-android-arm64/-/esbuild-android-arm64-0.14.41.tgz#42ff3d409d4962342a67aef3d2caa9be502e3def"
  integrity sha512-7koo9Dm/mwK4M8PGQX8JQRc4UQ4Wj7DT1nD4BQkVs2jxtHbYOlnsQH0fneKSXZVmnBIHYcntr/e1VU5gnYLvGQ==

esbuild-darwin-64@0.14.41:
  version "0.14.41"
  resolved "https://registry.yarnpkg.com/esbuild-darwin-64/-/esbuild-darwin-64-0.14.41.tgz#73d8789b59c6086cfeba9aa59f60cb12cfbe4439"
  integrity sha512-kW8fC2auh9jjmBXudTmlMfbBCMYMuujhxG40CxMhKiQ8NLBK4RU9yUYY6ss7QJp24kVTtKd4IvfwOio9SE53MA==

esbuild-darwin-arm64@0.14.41:
  version "0.14.41"
  resolved "https://registry.yarnpkg.com/esbuild-darwin-arm64/-/esbuild-darwin-arm64-0.14.41.tgz#faf5eecd8e8a170aea741f0f0896e73f5b0e0716"
  integrity sha512-cO0EPkiQt0bERH9sZFIoTywWfGhEpshdpvQpDfLh/ZJLeioQfaarM9YDrmID+f7k77djh0mdyfsC6XpS0HlLsw==

esbuild-freebsd-64@0.14.41:
  version "0.14.41"
  resolved "https://registry.yarnpkg.com/esbuild-freebsd-64/-/esbuild-freebsd-64-0.14.41.tgz#b44923dfdf84bb3ec3a84739817ea08e4b50c0fb"
  integrity sha512-6tsMDK6b7czCOjsr68BgVogFXcTCWL3T7yFXRFuAmXwY9ybYgX8sybD7ztrRB03dLAPeMxHo+PzeMD6LdVrLdQ==

esbuild-freebsd-arm64@0.14.41:
  version "0.14.41"
  resolved "https://registry.yarnpkg.com/esbuild-freebsd-arm64/-/esbuild-freebsd-arm64-0.14.41.tgz#91dac0d5d5a3f9dc4a422628556bd64c98d62c1e"
  integrity sha512-AQ2S/VCLKVBe/+HNiFLyp3w9i7AEtCOWEzKHSkfHk0VO5bPzHd7WJfWmj1Bxliu7vdPESbiDUTJIH3rDt4bzSA==

esbuild-linux-32@0.14.41:
  version "0.14.41"
  resolved "https://registry.yarnpkg.com/esbuild-linux-32/-/esbuild-linux-32-0.14.41.tgz#6342094df325df46ad7a3d920af7af04c1a495a9"
  integrity sha512-sb7Kah5Px6BNZ6gzm0nJLuDeAJKbIlaKIoI9zgZ5dFDxZSn91TMAHJz5W39YDJ8+ZaGJYIdqZSpDo+4G769mZw==

esbuild-linux-64@0.14.41:
  version "0.14.41"
  resolved "https://registry.yarnpkg.com/esbuild-linux-64/-/esbuild-linux-64-0.14.41.tgz#e7e193c229aa3988202adb92b8567ae504767b8e"
  integrity sha512-PeI0bfbv+5ondZRhPRszptp3RQRRAPxpOB2CYDphKske5+UlCXPi4Af+T++OqhV5TEpymTfxJdJQ1sn1w32coA==

esbuild-linux-arm64@0.14.41:
  version "0.14.41"
  resolved "https://registry.yarnpkg.com/esbuild-linux-arm64/-/esbuild-linux-arm64-0.14.41.tgz#ca3d83b2a8ae1f160c05bdc08daa88f54279506c"
  integrity sha512-aAhBX6kVG8hTVuANE90ORobioHdpZLzy8Fibf4XBuG4IuJfjgM5N4wFIq2Tpd+Ykit432PL/YOQhZ4W6nVc4cQ==

esbuild-linux-arm@0.14.41:
  version "0.14.41"
  resolved "https://registry.yarnpkg.com/esbuild-linux-arm/-/esbuild-linux-arm-0.14.41.tgz#6f9b5ca9cbdb33b4751b658f7d64c0e907b64685"
  integrity sha512-8DQ6Sv3XNwgu0cnPA3q+kJSqfOYLDqWzpW8dPF+/Or23bS/5EIT/CzN73uIhR8A3AokXIczn88VKti7Xtv+V2g==

esbuild-linux-mips64le@0.14.41:
  version "0.14.41"
  resolved "https://registry.yarnpkg.com/esbuild-linux-mips64le/-/esbuild-linux-mips64le-0.14.41.tgz#e21b8dc51d6d3d78e4e3de0ccae20a6b0aae28a1"
  integrity sha512-88xo4FRYQ2laMJnrqZu8j5q531XT/odZnhO5NLWO/NdweIdT8F+QL0fNIBIf+nVkC1d0Psgmt+g35GAODMDl8g==

esbuild-linux-ppc64le@0.14.41:
  version "0.14.41"
  resolved "https://registry.yarnpkg.com/esbuild-linux-ppc64le/-/esbuild-linux-ppc64le-0.14.41.tgz#bd70331c3df64ed3c74947d8ec5354a7cb11abae"
  integrity sha512-kJ0r/Cg3LzFzHhbBsvqi/hDPGKMGzFiPGOmUvqTkfVXhRUQtOMkXkyKdP7OEMRb8ctPtnptsZOOXPHRdU0NdJQ==

esbuild-linux-riscv64@0.14.41:
  version "0.14.41"
  resolved "https://registry.yarnpkg.com/esbuild-linux-riscv64/-/esbuild-linux-riscv64-0.14.41.tgz#2272aff043bf1fe7b397df25698c8f79605b9b71"
  integrity sha512-ZJ7d/qFRx14J3aP75ccrFSZyuYZ1hu8IVfwVqyQg4jQFgNME2FMz7pZMskBJ0fSW8QcYUnN3RubFXWijyjKUug==

esbuild-linux-s390x@0.14.41:
  version "0.14.41"
  resolved "https://registry.yarnpkg.com/esbuild-linux-s390x/-/esbuild-linux-s390x-0.14.41.tgz#01916946a31c1aeb2de5b1b4f21432843fb88f91"
  integrity sha512-xeWAEZt1jAfYkYuyIUuHKpH/oj7O862Je5HTH9E+4sEfoOnZaAmFrisbXjGDKXjMRKYscFlM8wXdNBmiqQlT8g==

esbuild-netbsd-64@0.14.41:
  version "0.14.41"
  resolved "https://registry.yarnpkg.com/esbuild-netbsd-64/-/esbuild-netbsd-64-0.14.41.tgz#0a9d3e5c73d362f91178ad21a7e020d246a039e7"
  integrity sha512-X/UE3Asqy594/atYi/STgYtaMQBJwtZKF0KFFdJTkwb6rtaoHCM1o482iHibgnSK7CicuRhyTZ+cNx4OFqRQAg==

esbuild-openbsd-64@0.14.41:
  version "0.14.41"
  resolved "https://registry.yarnpkg.com/esbuild-openbsd-64/-/esbuild-openbsd-64-0.14.41.tgz#32c0ec0678a206b0e75340f3a3303f38cb5b3408"
  integrity sha512-6m+1dtdO+4KaU3R0UTT82hxWxWpFCjgSHhQl/PKtMmq+CvvxRQDcTwujLC843M7ChGVWNM2q1s6YCwoA0WQ9kw==

esbuild-sunos-64@0.14.41:
  version "0.14.41"
  resolved "https://registry.yarnpkg.com/esbuild-sunos-64/-/esbuild-sunos-64-0.14.41.tgz#2f6f26fbc88778382d61145d2d6ec1c6ad5d47c2"
  integrity sha512-p96tTTcE8/WY7A4Udh+fxVUTGL8rIXOpyxyhZiXug+f7DGbjE24PbewqgIBRSDyM7xRUty+1RzqyJz73YIV6yg==

esbuild-windows-32@0.14.41:
  version "0.14.41"
  resolved "https://registry.yarnpkg.com/esbuild-windows-32/-/esbuild-windows-32-0.14.41.tgz#0e7a64b739045596a83ecd9cb0af8c0d85e4d5ed"
  integrity sha512-jS+/pGyPPzrL8tgcvOxLEatV1QPICghKm13EjEVgkeRftl8X6tqRyFv/9eKutczdD3sklMDOJfivoPD32D46Ww==

esbuild-windows-64@0.14.41:
  version "0.14.41"
  resolved "https://registry.yarnpkg.com/esbuild-windows-64/-/esbuild-windows-64-0.14.41.tgz#14886c72949e8630160d2277e21fae59778c2b62"
  integrity sha512-vLqmKbV8FJ7LFMrT3zEQpojnUUbXyqhRPVGnAYzc0ESY5yAuom4E9tL7KzZ5H8KEuCUf//AvbyxpE+yOcjpyjA==

esbuild-windows-arm64@0.14.41:
  version "0.14.41"
  resolved "https://registry.yarnpkg.com/esbuild-windows-arm64/-/esbuild-windows-arm64-0.14.41.tgz#ad425b8a9fe29bd38b3028af387b5e923e4c54e1"
  integrity sha512-TOvj7kRTfpH4GPPmblvuMNf8oNJ3y2h7a6HttanVnc3QLMm5bNFYLSo6TShLOn0SbqFWGJwHIhGhw2JK96aVhg==

esbuild@^0.14.27:
  version "0.14.41"
  resolved "https://registry.yarnpkg.com/esbuild/-/esbuild-0.14.41.tgz#8e20be02a2efc813b87253e7b197beecced74f7d"
  integrity sha512-uZl2CH5nwayLPi1Unhfk+vBBjD3FDlYQ+v24qAlj2oZMYQP8pFs1k3DK5ViD+keF3JnuV4K7JtqVvBmTDwVEbA==
  optionalDependencies:
    esbuild-android-64 "0.14.41"
    esbuild-android-arm64 "0.14.41"
    esbuild-darwin-64 "0.14.41"
    esbuild-darwin-arm64 "0.14.41"
    esbuild-freebsd-64 "0.14.41"
    esbuild-freebsd-arm64 "0.14.41"
    esbuild-linux-32 "0.14.41"
    esbuild-linux-64 "0.14.41"
    esbuild-linux-arm "0.14.41"
    esbuild-linux-arm64 "0.14.41"
    esbuild-linux-mips64le "0.14.41"
    esbuild-linux-ppc64le "0.14.41"
    esbuild-linux-riscv64 "0.14.41"
    esbuild-linux-s390x "0.14.41"
    esbuild-netbsd-64 "0.14.41"
    esbuild-openbsd-64 "0.14.41"
    esbuild-sunos-64 "0.14.41"
    esbuild-windows-32 "0.14.41"
    esbuild-windows-64 "0.14.41"
    esbuild-windows-arm64 "0.14.41"

estree-walker@^2.0.1, estree-walker@^2.0.2:
  version "2.0.2"
  resolved "https://registry.yarnpkg.com/estree-walker/-/estree-walker-2.0.2.tgz#52f010178c2a4c117a7757cfe942adb7d2da4cac"
  integrity sha512-Rfkk/Mp/DL7JVje3u18FxFujQlTNR2q6QfMSMB7AvCBx91NGj/ba3kCfza0f6dVDbw7YlRf/nDrn7pQrCCyQ/w==

fs-extra@^10.0.0:
  version "10.1.0"
  resolved "https://registry.yarnpkg.com/fs-extra/-/fs-extra-10.1.0.tgz#02873cfbc4084dde127eaa5f9905eef2325d1abf"
  integrity sha512-oRXApq54ETRj4eMiFzGnHWGy+zo5raudjuxN0b8H7s/RU2oW0Wvsx9O0ACRN/kRq9E8Vu/ReskGB5o3ji+FzHQ==
  dependencies:
    graceful-fs "^4.2.0"
    jsonfile "^6.0.1"
    universalify "^2.0.0"

fsevents@~2.3.2:
  version "2.3.2"
  resolved "https://registry.yarnpkg.com/fsevents/-/fsevents-2.3.2.tgz#8a526f78b8fdf4623b709e0b975c52c24c02fd1a"
  integrity sha512-xiqMQR4xAeHTuB9uWm+fFRcIOgKBMiOBP+eXiyT7jsgVCq1bkVygt00oASowB7EdtpOHaaPgKt812P9ab+DDKA==

function-bind@^1.1.1:
  version "1.1.1"
  resolved "https://registry.yarnpkg.com/function-bind/-/function-bind-1.1.1.tgz#a56899d3ea3c9bab874bb9773b7c5ede92f4895d"
  integrity sha512-yIovAzMX49sF8Yl58fSCWJ5svSLuaibPxXQJFLmBObTuCr0Mf1KiPopGM9NiFjiYBCbfaa2Fh6breQ6ANVTI0A==

graceful-fs@^4.1.6, graceful-fs@^4.2.0:
  version "4.2.10"
  resolved "https://registry.yarnpkg.com/graceful-fs/-/graceful-fs-4.2.10.tgz#147d3a006da4ca3ce14728c7aefc287c367d7a6c"
  integrity sha512-9ByhssR2fPVsNZj478qUUbKfmL0+t5BDVyjShtyZZLiK7ZDAArFFfopyOTj0M05wE2tJPisA4iTnnXl2YoPvOA==

has@^1.0.3:
  version "1.0.3"
  resolved "https://registry.yarnpkg.com/has/-/has-1.0.3.tgz#722d7cbfc1f6aa8241f16dd814e011e1f41e8796"
  integrity sha512-f2dvO0VU6Oej7RkWJGrehjbzMAjFp5/VKPp5tTpWIV4JHHZK1/BxbFRtf/siA2SWTe09caDmVtYYzWEIbBS4zw==
  dependencies:
    function-bind "^1.1.1"

header-case@^2.0.4:
  version "2.0.4"
  resolved "https://registry.yarnpkg.com/header-case/-/header-case-2.0.4.tgz#5a42e63b55177349cf405beb8d775acabb92c063"
  integrity sha512-H/vuk5TEEVZwrR0lp2zed9OCo1uAILMlx0JEMgC26rzyJJ3N1v6XkwHHXJQdR2doSjcGPM6OKPYoJgf0plJ11Q==
  dependencies:
    capital-case "^1.0.4"
    tslib "^2.0.3"

is-core-module@^2.8.1:
  version "2.9.0"
  resolved "https://registry.yarnpkg.com/is-core-module/-/is-core-module-2.9.0.tgz#e1c34429cd51c6dd9e09e0799e396e27b19a9c69"
  integrity sha512-+5FPy5PnwmO3lvfMb0AsoPaBG+5KHUI0wYFXOtYPnVVVspTFUuMZNfNaNVRt3FZadstu2c8x23vykRW/NBoU6A==
  dependencies:
    has "^1.0.3"

jsonfile@^6.0.1:
  version "6.1.0"
  resolved "https://registry.yarnpkg.com/jsonfile/-/jsonfile-6.1.0.tgz#bc55b2634793c679ec6403094eb13698a6ec0aae"
  integrity sha512-5dgndWOriYSm5cnYaJNhalLNDKOqFwyDB/rr1E9ZsGciGvKPs8R2xYGCacuf3z6K1YKDz182fd+fY3cn3pMqXQ==
  dependencies:
    universalify "^2.0.0"
  optionalDependencies:
    graceful-fs "^4.1.6"

lower-case@^2.0.2:
  version "2.0.2"
  resolved "https://registry.yarnpkg.com/lower-case/-/lower-case-2.0.2.tgz#6fa237c63dbdc4a82ca0fd882e4722dc5e634e28"
  integrity sha512-7fm3l3NAF9WfN6W3JOmf5drwpVqX78JtoGJ3A6W0a6ZnldM41w2fV5D490psKFTpMds8TJse/eHLFFsNHHjHgg==
  dependencies:
    tslib "^2.0.3"

magic-string@^0.25.7:
  version "0.25.9"
  resolved "https://registry.yarnpkg.com/magic-string/-/magic-string-0.25.9.tgz#de7f9faf91ef8a1c91d02c2e5314c8277dbcdd1c"
  integrity sha512-RmF0AsMzgt25qzqqLc1+MbHmhdx0ojF2Fvs4XnOqz2ZOBXzzkEwc/dJQZCYHAn7v1jbVOjAZfK8msRn4BxO4VQ==
  dependencies:
    sourcemap-codec "^1.4.8"

ms@2.1.2:
  version "2.1.2"
  resolved "https://registry.yarnpkg.com/ms/-/ms-2.1.2.tgz#d09d1f357b443f493382a8eb3ccd183872ae6009"
  integrity sha512-sGkPx+VjMtmA6MX27oA4FBFELFCZZ4S4XqeGOXCv68tT+jb3vk/RyaKWP0PTKyWtmLSM0b+adUTEvbs1PEaH2w==

nanoid@^3.3.4:
  version "3.3.4"
  resolved "https://registry.yarnpkg.com/nanoid/-/nanoid-3.3.4.tgz#730b67e3cd09e2deacf03c027c81c9d9dbc5e8ab"
  integrity sha512-MqBkQh/OHTS2egovRtLk45wEyNXwF+cokD+1YPf9u5VfJiRdAiRwB2froX5Co9Rh20xs4siNPm8naNotSD6RBw==

no-case@^3.0.4:
  version "3.0.4"
  resolved "https://registry.yarnpkg.com/no-case/-/no-case-3.0.4.tgz#d361fd5c9800f558551a8369fc0dcd4662b6124d"
  integrity sha512-fgAN3jGAh+RoxUGZHTSOLJIqUc2wmoBwGR4tbpNAKmmovFoWq0OdRkb0VkldReO2a2iBT/OEulG9XSUc10r3zg==
  dependencies:
    lower-case "^2.0.2"
    tslib "^2.0.3"

param-case@^3.0.4:
  version "3.0.4"
  resolved "https://registry.yarnpkg.com/param-case/-/param-case-3.0.4.tgz#7d17fe4aa12bde34d4a77d91acfb6219caad01c5"
  integrity sha512-RXlj7zCYokReqWpOPH9oYivUzLYZ5vAPIfEmCTNViosC78F8F0H9y7T7gG2M39ymgutxF5gcFEsyZQSph9Bp3A==
  dependencies:
    dot-case "^3.0.4"
    tslib "^2.0.3"

pascal-case@^3.1.2:
  version "3.1.2"
  resolved "https://registry.yarnpkg.com/pascal-case/-/pascal-case-3.1.2.tgz#b48e0ef2b98e205e7c1dae747d0b1508237660eb"
  integrity sha512-uWlGT3YSnK9x3BQJaOdcZwrnV6hPpd8jFH1/ucpiLRPh/2zCVJKS19E4GvYHvaCcACn3foXZ0cLB9Wrx1KGe5g==
  dependencies:
    no-case "^3.0.4"
    tslib "^2.0.3"

path-case@^3.0.4:
  version "3.0.4"
  resolved "https://registry.yarnpkg.com/path-case/-/path-case-3.0.4.tgz#9168645334eb942658375c56f80b4c0cb5f82c6f"
  integrity sha512-qO4qCFjXqVTrcbPt/hQfhTQ+VhFsqNKOPtytgNKkKxSoEp3XPUQ8ObFuePylOIok5gjn69ry8XiULxCwot3Wfg==
  dependencies:
    dot-case "^3.0.4"
    tslib "^2.0.3"

path-parse@^1.0.7:
  version "1.0.7"
  resolved "https://registry.yarnpkg.com/path-parse/-/path-parse-1.0.7.tgz#fbc114b60ca42b30d9daf5858e4bd68bbedb6735"
  integrity sha512-LDJzPVEEEPR+y48z93A0Ed0yXb8pAByGWo/k5YYdYgpY2/2EsOsksJrq7lOHxryrVOn1ejG6oAp8ahvOIQD8sw==

picocolors@^1.0.0:
  version "1.0.0"
  resolved "https://registry.yarnpkg.com/picocolors/-/picocolors-1.0.0.tgz#cb5bdc74ff3f51892236eaf79d68bc44564ab81c"
  integrity sha512-1fygroTLlHu66zi26VoTDv8yRgm0Fccecssto+MhsZ0D/DGW2sm8E8AjW7NU5VVTRt5GxbeZ5qBuJr+HyLYkjQ==

picomatch@^2.2.2:
  version "2.3.1"
  resolved "https://registry.yarnpkg.com/picomatch/-/picomatch-2.3.1.tgz#3ba3833733646d9d3e4995946c1365a67fb07a42"
  integrity sha512-JU3teHTNjmE2VCGFzuY8EXzCDVwEqB2a8fsIvwaStHhAWJEeVd1o1QD80CU6+ZdEXXSLbSsuLwJjkCBWqRQUVA==

pinia@^2.0.14:
  version "2.0.14"
  resolved "https://registry.yarnpkg.com/pinia/-/pinia-2.0.14.tgz#0837898c20291ebac982bbfca95c8d3c6099925f"
  integrity sha512-0nPuZR4TetT/WcLN+feMSjWJku3SQU7dBbXC6uw+R6FLQJCsg+/0pzXyD82T1FmAYe0lsx+jnEDQ1BLgkRKlxA==
  dependencies:
    "@vue/devtools-api" "^6.1.4"
    vue-demi "*"

postcss@^8.1.10, postcss@^8.4.13:
  version "8.4.14"
  resolved "https://registry.yarnpkg.com/postcss/-/postcss-8.4.14.tgz#ee9274d5622b4858c1007a74d76e42e56fd21caf"
  integrity sha512-E398TUmfAYFPBSdzgeieK2Y1+1cpdxJx8yXbK/m57nRhKSmk1GB2tO4lbLBtlkfPQTDKfe4Xqv1ASWPpayPEig==
  dependencies:
    nanoid "^3.3.4"
    picocolors "^1.0.0"
    source-map-js "^1.0.2"

resolve@^1.22.0:
  version "1.22.0"
  resolved "https://registry.yarnpkg.com/resolve/-/resolve-1.22.0.tgz#5e0b8c67c15df57a89bdbabe603a002f21731198"
  integrity sha512-Hhtrw0nLeSrFQ7phPp4OOcVjLPIeMnRlr5mcnVuMe7M/7eBn98A3hmFRLoFo3DLZkivSYwhRUJTyPyWAk56WLw==
  dependencies:
    is-core-module "^2.8.1"
    path-parse "^1.0.7"
    supports-preserve-symlinks-flag "^1.0.0"

rollup@^2.59.0:
  version "2.75.0"
  resolved "https://registry.yarnpkg.com/rollup/-/rollup-2.75.0.tgz#c4c1c2bf46c706823f5f0eee046c7a1cbdda5038"
  integrity sha512-1/wxtweHJ7YwI2AIK3ZgCBU3nbW8sLnBIFwN46cwOTnVzt8f1o6J8zPKjwoiuADvzSjmnLqJce31p0q2vQ+dqw==
  optionalDependencies:
    fsevents "~2.3.2"

sentence-case@^3.0.4:
  version "3.0.4"
  resolved "https://registry.yarnpkg.com/sentence-case/-/sentence-case-3.0.4.tgz#3645a7b8c117c787fde8702056225bb62a45131f"
  integrity sha512-8LS0JInaQMCRoQ7YUytAo/xUu5W2XnQxV2HI/6uM6U7CITS1RqPElr30V6uIqyMKM9lJGRVFy5/4CuzcixNYSg==
  dependencies:
    no-case "^3.0.4"
    tslib "^2.0.3"
    upper-case-first "^2.0.2"

snake-case@^3.0.4:
  version "3.0.4"
  resolved "https://registry.yarnpkg.com/snake-case/-/snake-case-3.0.4.tgz#4f2bbd568e9935abdfd593f34c691dadb49c452c"
  integrity sha512-LAOh4z89bGQvl9pFfNF8V146i7o7/CqFPbqzYgP+yYzDIDeS9HaNFtXABamRW+AQzEVODcvE79ljJ+8a9YSdMg==
  dependencies:
    dot-case "^3.0.4"
    tslib "^2.0.3"

source-map-js@^1.0.2:
  version "1.0.2"
  resolved "https://registry.yarnpkg.com/source-map-js/-/source-map-js-1.0.2.tgz#adbc361d9c62df380125e7f161f71c826f1e490c"
  integrity sha512-R0XvVJ9WusLiqTCEiGCmICCMplcCkIwwR11mOSD9CR5u+IXYdiseeEuXCVAjS54zqwkLcPNnmU4OeJ6tUrWhDw==

source-map@^0.6.1:
  version "0.6.1"
  resolved "https://registry.yarnpkg.com/source-map/-/source-map-0.6.1.tgz#74722af32e9614e9c287a8d0bbde48b5e2f1a263"
  integrity sha512-UjgapumWlbMhkBgzT7Ykc5YXUT46F0iKu8SGXq0bcwP5dz/h0Plj6enJqjz1Zbq2l5WaqYnrVbwWOWMyF3F47g==

sourcemap-codec@^1.4.8:
  version "1.4.8"
  resolved "https://registry.yarnpkg.com/sourcemap-codec/-/sourcemap-codec-1.4.8.tgz#ea804bd94857402e6992d05a38ef1ae35a9ab4c4"
  integrity sha512-9NykojV5Uih4lgo5So5dtw+f0JgJX30KCNI8gwhz2J9A15wD0Ml6tjHKwf6fTSa6fAdVBdZeNOs9eJ71qCk8vA==

supports-preserve-symlinks-flag@^1.0.0:
  version "1.0.0"
  resolved "https://registry.yarnpkg.com/supports-preserve-symlinks-flag/-/supports-preserve-symlinks-flag-1.0.0.tgz#6eda4bd344a3c94aea376d4cc31bc77311039e09"
  integrity sha512-ot0WnXS9fgdkgIcePe6RHNk1WA8+muPa6cSjeR3V8K27q9BB1rTE3R1p7Hv0z1ZyAc8s6Vvv8DIyWf681MAt0w==

tslib@^2.0.3:
  version "2.4.0"
  resolved "https://registry.yarnpkg.com/tslib/-/tslib-2.4.0.tgz#7cecaa7f073ce680a05847aa77be941098f36dc3"
  integrity sha512-d6xOpEDfsi2CZVlPQzGeux8XMwLT9hssAsaPYExaQMuYskwb+x1x7J371tWlbBdWHroy99KnVB6qIkUbs5X3UQ==

typescript@^4.5.4:
  version "4.7.2"
  resolved "https://registry.yarnpkg.com/typescript/-/typescript-4.7.2.tgz#1f9aa2ceb9af87cca227813b4310fff0b51593c4"
  integrity sha512-Mamb1iX2FDUpcTRzltPxgWMKy3fhg0TN378ylbktPGPK/99KbDtMQ4W1hwgsbPAsG3a0xKa1vmw4VKZQbkvz5A==

universalify@^2.0.0:
  version "2.0.0"
  resolved "https://registry.yarnpkg.com/universalify/-/universalify-2.0.0.tgz#75a4984efedc4b08975c5aeb73f530d02df25717"
  integrity sha512-hAZsKq7Yy11Zu1DE0OzWjw7nnLZmJZYTDZZyEFHZdUhV8FkH5MCfoU1XMaxXovpyW5nq5scPqq0ZDP9Zyl04oQ==

upper-case-first@^2.0.2:
  version "2.0.2"
  resolved "https://registry.yarnpkg.com/upper-case-first/-/upper-case-first-2.0.2.tgz#992c3273f882abd19d1e02894cc147117f844324"
  integrity sha512-514ppYHBaKwfJRK/pNC6c/OxfGa0obSnAl106u97Ed0I625Nin96KAjttZF6ZL3e1XLtphxnqrOi9iWgm+u+bg==
  dependencies:
    tslib "^2.0.3"

upper-case@^2.0.2:
  version "2.0.2"
  resolved "https://registry.yarnpkg.com/upper-case/-/upper-case-2.0.2.tgz#d89810823faab1df1549b7d97a76f8662bae6f7a"
  integrity sha512-KgdgDGJt2TpuwBUIjgG6lzw2GWFRCW9Qkfkiv0DxqHHLYJHmtmdUIKcZd8rHgFSjopVTlw6ggzCm1b8MFQwikg==
  dependencies:
    tslib "^2.0.3"

vant@^3.4.9:
  version "3.4.9"
  resolved "https://registry.yarnpkg.com/vant/-/vant-3.4.9.tgz#53ea09b0aa228474fe5a5a6c6bc9f07ba91c6ad9"
  integrity sha512-OXwfL3oDahlEQC4HhaC7TmM9uoPDjAuWi1mR/OLW3JyOvPoCR8YhOtX2M6OQnz3Hnd3l4oWjjASKNGltWiPtjQ==
  dependencies:
    "@vant/icons" "^1.8.0"
    "@vant/popperjs" "^1.1.0"
    "@vant/use" "^1.3.6"

vite-plugin-style-import@1.4.1:
  version "1.4.1"
  resolved "https://registry.yarnpkg.com/vite-plugin-style-import/-/vite-plugin-style-import-1.4.1.tgz#47a66920cce5484640f2faacd73190aac0b91b94"
  integrity sha512-lJCRvm7+So0hHdnSJiJPg9gD5mxtL6YY0jmhEph+k7ArpsyvqOh6han2kG5htbWWDZxHkUN9d1BuTFL//yCLLQ==
  dependencies:
    "@rollup/pluginutils" "^4.1.2"
    change-case "^4.1.2"
    debug "^4.3.3"
    es-module-lexer "^0.9.3"
    fs-extra "^10.0.0"
    magic-string "^0.25.7"

vite@^2.9.9:
  version "2.9.9"
  resolved "https://registry.yarnpkg.com/vite/-/vite-2.9.9.tgz#8b558987db5e60fedec2f4b003b73164cb081c5e"
  integrity sha512-ffaam+NgHfbEmfw/Vuh6BHKKlI/XIAhxE5QSS7gFLIngxg171mg1P3a4LSRME0z2ZU1ScxoKzphkipcYwSD5Ew==
  dependencies:
    esbuild "^0.14.27"
    postcss "^8.4.13"
    resolve "^1.22.0"
    rollup "^2.59.0"
  optionalDependencies:
    fsevents "~2.3.2"

vue-demi@*:
  version "0.12.5"
  resolved "https://registry.yarnpkg.com/vue-demi/-/vue-demi-0.12.5.tgz#8eeed566a7d86eb090209a11723f887d28aeb2d1"
  integrity sha512-BREuTgTYlUr0zw0EZn3hnhC3I6gPWv+Kwh4MCih6QcAeaTlaIX0DwOVN0wHej7hSvDPecz4jygy/idsgKfW58Q==

vue-tsc@^0.34.7:
  version "0.34.16"
  resolved "https://registry.yarnpkg.com/vue-tsc/-/vue-tsc-0.34.16.tgz#92cc8cc23bc3e979d44bc8ed9a318d46ee5201fa"
  integrity sha512-9tYBQIOyl3Tz8ZrlYUKtftu5m/wXHfxCalyjR22QzSaUJoBJmZeNOoVs/QEllc0z4ideEZxvvU+pBFdoY3O16A==
  dependencies:
    "@volar/vue-typescript" "0.34.16"

vue@^3.2.25:
  version "3.2.36"
  resolved "https://registry.yarnpkg.com/vue/-/vue-3.2.36.tgz#8daa996e2ced521708de97d066c7c998e8bc3378"
  integrity sha512-5yTXmrE6gW8IQgttzHW5bfBiFA6mx35ZXHjGLDmKYzW6MMmYvCwuKybANRepwkMYeXw2v1buGg3/lPICY5YlZw==
  dependencies:
    "@vue/compiler-dom" "3.2.36"
    "@vue/compiler-sfc" "3.2.36"
    "@vue/runtime-dom" "3.2.36"
    "@vue/server-renderer" "3.2.36"
    "@vue/shared" "3.2.36"
